Microsoft Visual Studio Solution File, Format Version 12.00
# Visual Studio 15
Project("{8BC9CEB8-8B4A-11D0-8D11-00A0C91BC942}") = "ALL_BUILD", "ALL_BUILD.vcxproj", "{5A404701-732E-351D-9FC7-8C4653E325FC}"
	ProjectSection(ProjectDependencies) = postProject
		{01F94B81-AF18-35FF-93B2-CCBCE21B9741} = {01F94B81-AF18-35FF-93B2-CCBCE21B9741}
		{2264A981-ED19-36C4-BE76-63C84034E11B} = {2264A981-ED19-36C4-BE76-63C84034E11B}
		{A107B6D8-BADC-3EAA-8E62-8FE048872F1F} = {A107B6D8-BADC-3EAA-8E62-8FE048872F1F}
		{0A60587B-77FC-35CD-BD7D-17B392C78238} = {0A60587B-77FC-35CD-BD7D-17B392C78238}
		{25D1CDB5-8ABC-3191-8AA4-274F75800132} = {25D1CDB5-8ABC-3191-8AA4-274F75800132}
	EndProjectSection
EndProject
Project("{8BC9CEB8-8B4A-11D0-8D11-00A0C91BC942}") = "ZERO_CHECK", "ZERO_CHECK.vcxproj", "{01F94B81-AF18-35FF-93B2-CCBCE21B9741}"
	ProjectSection(ProjectDependencies) = postProject
	EndProjectSection
EndProject
Project("{8BC9CEB8-8B4A-11D0-8D11-00A0C91BC942}") = "gtest", "gtest\gtest.vcxproj", "{2264A981-ED19-36C4-BE76-63C84034E11B}"
	ProjectSection(ProjectDependencies) = postProject
		{01F94B81-AF18-35FF-93B2-CCBCE21B9741} = {01F94B81-AF18-35FF-93B2-CCBCE21B9741}
	EndProjectSection
EndProject
Project("{8BC9CEB8-8B4A-11D0-8D11-00A0C91BC942}") = "sample_prime_numbers", "samples\sample_prime_numbers.vcxproj", "{A107B6D8-BADC-3EAA-8E62-8FE048872F1F}"
	ProjectSection(ProjectDependencies) = postProject
		{01F94B81-AF18-35FF-93B2-CCBCE21B9741} = {01F94B81-AF18-35FF-93B2-CCBCE21B9741}
		{0A60587B-77FC-35CD-BD7D-17B392C78238} = {0A60587B-77FC-35CD-BD7D-17B392C78238}
	EndProjectSection
EndProject
Project("{8BC9CEB8-8B4A-11D0-8D11-00A0C91BC942}") = "set", "src\set.vcxproj", "{0A60587B-77FC-35CD-BD7D-17B392C78238}"
	ProjectSection(ProjectDependencies) = postProject
		{01F94B81-AF18-35FF-93B2-CCBCE21B9741} = {01F94B81-AF18-35FF-93B2-CCBCE21B9741}
	EndProjectSection
EndProject
Project("{8BC9CEB8-8B4A-11D0-8D11-00A0C91BC942}") = "test_set", "test\test_set.vcxproj", "{25D1CDB5-8ABC-3191-8AA4-274F75800132}"
	ProjectSection(ProjectDependencies) = postProject
		{01F94B81-AF18-35FF-93B2-CCBCE21B9741} = {01F94B81-AF18-35FF-93B2-CCBCE21B9741}
		{2264A981-ED19-36C4-BE76-63C84034E11B} = {2264A981-ED19-36C4-BE76-63C84034E11B}
		{0A60587B-77FC-35CD-BD7D-17B392C78238} = {0A60587B-77FC-35CD-BD7D-17B392C78238}
	EndProjectSection
EndProject
Global
	GlobalSection(SolutionConfigurationPlatforms) = preSolution
		Debug|Win32 = Debug|Win32
		Release|Win32 = Release|Win32
	EndGlobalSection
	GlobalSection(ProjectConfigurationPlatforms) = postSolution
		{5A404701-732E-351D-9FC7-8C4653E325FC}.Debug|Win32.ActiveCfg = Debug|Win32
		{5A404701-732E-351D-9FC7-8C4653E325FC}.Release|Win32.ActiveCfg = Release|Win32
		{01F94B81-AF18-35FF-93B2-CCBCE21B9741}.Debug|Win32.ActiveCfg = Debug|Win32
		{01F94B81-AF18-35FF-93B2-CCBCE21B9741}.Debug|Win32.Build.0 = Debug|Win32
		{01F94B81-AF18-35FF-93B2-CCBCE21B9741}.Release|Win32.ActiveCfg = Release|Win32
		{01F94B81-AF18-35FF-93B2-CCBCE21B9741}.Release|Win32.Build.0 = Release|Win32
		{2264A981-ED19-36C4-BE76-63C84034E11B}.Debug|Win32.ActiveCfg = Debug|Win32
		{2264A981-ED19-36C4-BE76-63C84034E11B}.Debug|Win32.Build.0 = Debug|Win32
		{2264A981-ED19-36C4-BE76-63C84034E11B}.Release|Win32.ActiveCfg = Release|Win32
		{2264A981-ED19-36C4-BE76-63C84034E11B}.Release|Win32.Build.0 = Release|Win32
		{A107B6D8-BADC-3EAA-8E62-8FE048872F1F}.Debug|Win32.ActiveCfg = Debug|Win32
		{A107B6D8-BADC-3EAA-8E62-8FE048872F1F}.Debug|Win32.Build.0 = Debug|Win32
		{A107B6D8-BADC-3EAA-8E62-8FE048872F1F}.Release|Win32.ActiveCfg = Release|Win32
		{A107B6D8-BADC-3EAA-8E62-8FE048872F1F}.Release|Win32.Build.0 = Release|Win32
		{0A60587B-77FC-35CD-BD7D-17B392C78238}.Debug|Win32.ActiveCfg = Debug|Win32
		{0A60587B-77FC-35CD-BD7D-17B392C78238}.Debug|Win32.Build.0 = Debug|Win32
		{0A60587B-77FC-35CD-BD7D-17B392C78238}.Release|Win32.ActiveCfg = Release|Win32
		{0A60587B-77FC-35CD-BD7D-17B392C78238}.Release|Win32.Build.0 = Release|Win32
		{25D1CDB5-8ABC-3191-8AA4-274F75800132}.Debug|Win32.ActiveCfg = Debug|Win32
		{25D1CDB5-8ABC-3191-8AA4-274F75800132}.Debug|Win32.Build.0 = Debug|Win32
		{25D1CDB5-8ABC-3191-8AA4-274F75800132}.Release|Win32.ActiveCfg = Release|Win32
		{25D1CDB5-8ABC-3191-8AA4-274F75800132}.Release|Win32.Build.0 = Release|Win32
	EndGlobalSection
	GlobalSection(ExtensibilityGlobals) = postSolution
		SolutionGuid = {A01F8FEF-27FF-3C4E-93B3-22C5A7A224A6}
	EndGlobalSection
	GlobalSection(ExtensibilityAddIns) = postSolution
	EndGlobalSection
EndGlobal
