Microsoft Visual Studio Solution File, Format Version 12.00
# Visual Studio 14
Project("{8BC9CEB8-8B4A-11D0-8D11-00A0C91BC942}") = "ALL_BUILD", "ALL_BUILD.vcxproj", "{A0000D1E-3C37-3A40-9A89-2AA0565E5B56}"
	ProjectSection(ProjectDependencies) = postProject
		{DB13AD3B-F909-34B6-90F6-D26E4C2965AB} = {DB13AD3B-F909-34B6-90F6-D26E4C2965AB}
		{3B071AE5-C6E5-3CB2-9EC8-3754949F4D8C} = {3B071AE5-C6E5-3CB2-9EC8-3754949F4D8C}
		{70A6E1B8-8BD1-337C-B0AD-763CA39633D8} = {70A6E1B8-8BD1-337C-B0AD-763CA39633D8}
		{A5F13FED-FD73-3FD0-A312-A42D6D5453E5} = {A5F13FED-FD73-3FD0-A312-A42D6D5453E5}
		{8A07057A-20F6-3384-9361-0455BBC9056C} = {8A07057A-20F6-3384-9361-0455BBC9056C}
	EndProjectSection
EndProject
Project("{8BC9CEB8-8B4A-11D0-8D11-00A0C91BC942}") = "ZERO_CHECK", "ZERO_CHECK.vcxproj", "{DB13AD3B-F909-34B6-90F6-D26E4C2965AB}"
	ProjectSection(ProjectDependencies) = postProject
	EndProjectSection
EndProject
Project("{8BC9CEB8-8B4A-11D0-8D11-00A0C91BC942}") = "gtest", "gtest\gtest.vcxproj", "{3B071AE5-C6E5-3CB2-9EC8-3754949F4D8C}"
	ProjectSection(ProjectDependencies) = postProject
		{DB13AD3B-F909-34B6-90F6-D26E4C2965AB} = {DB13AD3B-F909-34B6-90F6-D26E4C2965AB}
	EndProjectSection
EndProject
Project("{8BC9CEB8-8B4A-11D0-8D11-00A0C91BC942}") = "sample_prime_numbers", "samples\sample_prime_numbers.vcxproj", "{70A6E1B8-8BD1-337C-B0AD-763CA39633D8}"
	ProjectSection(ProjectDependencies) = postProject
		{DB13AD3B-F909-34B6-90F6-D26E4C2965AB} = {DB13AD3B-F909-34B6-90F6-D26E4C2965AB}
		{A5F13FED-FD73-3FD0-A312-A42D6D5453E5} = {A5F13FED-FD73-3FD0-A312-A42D6D5453E5}
	EndProjectSection
EndProject
Project("{8BC9CEB8-8B4A-11D0-8D11-00A0C91BC942}") = "set", "src\set.vcxproj", "{A5F13FED-FD73-3FD0-A312-A42D6D5453E5}"
	ProjectSection(ProjectDependencies) = postProject
		{DB13AD3B-F909-34B6-90F6-D26E4C2965AB} = {DB13AD3B-F909-34B6-90F6-D26E4C2965AB}
	EndProjectSection
EndProject
Project("{8BC9CEB8-8B4A-11D0-8D11-00A0C91BC942}") = "test_set", "test\test_set.vcxproj", "{8A07057A-20F6-3384-9361-0455BBC9056C}"
	ProjectSection(ProjectDependencies) = postProject
		{DB13AD3B-F909-34B6-90F6-D26E4C2965AB} = {DB13AD3B-F909-34B6-90F6-D26E4C2965AB}
		{3B071AE5-C6E5-3CB2-9EC8-3754949F4D8C} = {3B071AE5-C6E5-3CB2-9EC8-3754949F4D8C}
		{A5F13FED-FD73-3FD0-A312-A42D6D5453E5} = {A5F13FED-FD73-3FD0-A312-A42D6D5453E5}
	EndProjectSection
EndProject
Global
	GlobalSection(SolutionConfigurationPlatforms) = preSolution
		Debug|Win32 = Debug|Win32
		Release|Win32 = Release|Win32
	EndGlobalSection
	GlobalSection(ProjectConfigurationPlatforms) = postSolution
		{A0000D1E-3C37-3A40-9A89-2AA0565E5B56}.Debug|Win32.ActiveCfg = Debug|Win32
		{A0000D1E-3C37-3A40-9A89-2AA0565E5B56}.Release|Win32.ActiveCfg = Release|Win32
		{DB13AD3B-F909-34B6-90F6-D26E4C2965AB}.Debug|Win32.ActiveCfg = Debug|Win32
		{DB13AD3B-F909-34B6-90F6-D26E4C2965AB}.Debug|Win32.Build.0 = Debug|Win32
		{DB13AD3B-F909-34B6-90F6-D26E4C2965AB}.Release|Win32.ActiveCfg = Release|Win32
		{DB13AD3B-F909-34B6-90F6-D26E4C2965AB}.Release|Win32.Build.0 = Release|Win32
		{3B071AE5-C6E5-3CB2-9EC8-3754949F4D8C}.Debug|Win32.ActiveCfg = Debug|Win32
		{3B071AE5-C6E5-3CB2-9EC8-3754949F4D8C}.Debug|Win32.Build.0 = Debug|Win32
		{3B071AE5-C6E5-3CB2-9EC8-3754949F4D8C}.Release|Win32.ActiveCfg = Release|Win32
		{3B071AE5-C6E5-3CB2-9EC8-3754949F4D8C}.Release|Win32.Build.0 = Release|Win32
		{70A6E1B8-8BD1-337C-B0AD-763CA39633D8}.Debug|Win32.ActiveCfg = Debug|Win32
		{70A6E1B8-8BD1-337C-B0AD-763CA39633D8}.Debug|Win32.Build.0 = Debug|Win32
		{70A6E1B8-8BD1-337C-B0AD-763CA39633D8}.Release|Win32.ActiveCfg = Release|Win32
		{70A6E1B8-8BD1-337C-B0AD-763CA39633D8}.Release|Win32.Build.0 = Release|Win32
		{A5F13FED-FD73-3FD0-A312-A42D6D5453E5}.Debug|Win32.ActiveCfg = Debug|Win32
		{A5F13FED-FD73-3FD0-A312-A42D6D5453E5}.Debug|Win32.Build.0 = Debug|Win32
		{A5F13FED-FD73-3FD0-A312-A42D6D5453E5}.Release|Win32.ActiveCfg = Release|Win32
		{A5F13FED-FD73-3FD0-A312-A42D6D5453E5}.Release|Win32.Build.0 = Release|Win32
		{8A07057A-20F6-3384-9361-0455BBC9056C}.Debug|Win32.ActiveCfg = Debug|Win32
		{8A07057A-20F6-3384-9361-0455BBC9056C}.Debug|Win32.Build.0 = Debug|Win32
		{8A07057A-20F6-3384-9361-0455BBC9056C}.Release|Win32.ActiveCfg = Release|Win32
		{8A07057A-20F6-3384-9361-0455BBC9056C}.Release|Win32.Build.0 = Release|Win32
	EndGlobalSection
	GlobalSection(ExtensibilityGlobals) = postSolution
		SolutionGuid = {4B5EE899-3775-3D16-B775-236AD7CAB581}
	EndGlobalSection
	GlobalSection(ExtensibilityAddIns) = postSolution
	EndGlobalSection
EndGlobal
